
Microsoft Visual Studio Solution File, Format Version 12.00
# Visual Studio 15
VisualStudioVersion = 15.0.26228.9
MinimumVisualStudioVersion = 10.0.40219.1
Project("{FAE04EC0-301F-11D3-BF4B-00C04F79EFBC}") = "XamaRed.Forms.Svg", "XamaRed.Forms.Svg\XamaRed.Forms.Svg.csproj", "{67F9D3A8-F71E-4428-913F-C37AE82CDB24}"
EndProject
Project("{2150E333-8FDC-42A3-9474-1A3956D46DE8}") = "Samples", "Samples", "{4846B0E9-24E4-4A9F-A6B1-A4C26C21340C}"
EndProject
Project("{2150E333-8FDC-42A3-9474-1A3956D46DE8}") = "Tests", "Tests", "{7769E210-5AD8-4C60-AAC4-EC03B23256BF}"
EndProject
Project("{FAE04EC0-301F-11D3-BF4B-00C04F79EFBC}") = "XamaRed.Forms.Svg.Samples.Android", "Samples\XamaRed.Forms.Svg.Samples.Android\XamaRed.Forms.Svg.Samples.Android.csproj", "{DAC6FE23-7786-41BB-B0CE-D1EA54609AA6}"
EndProject
Project("{FAE04EC0-301F-11D3-BF4B-00C04F79EFBC}") = "XamaRed.Forms.Svg.Samples", "Samples\XamaRed.Forms.Svg.Samples\XamaRed.Forms.Svg.Samples.csproj", "{230884B3-167F-4A04-8DE3-1CA6B1CCE231}"
EndProject
Project("{FAE04EC0-301F-11D3-BF4B-00C04F79EFBC}") = "XamaRed.Forms.Svg.Samples.UWP", "Samples\XamaRed.Forms.Svg.Samples.UWP\XamaRed.Forms.Svg.Samples.UWP.csproj", "{DCFE26CC-D229-46E1-947A-DDAC92926E40}"
EndProject
Project("{FAE04EC0-301F-11D3-BF4B-00C04F79EFBC}") = "XamaRed.Forms.Svg.Samples.iOS", "Samples\XamaRed.Forms.Svg.Samples.iOS\XamaRed.Forms.Svg.Samples.iOS.csproj", "{08366DAF-F183-4141-8C3E-8BF106B71130}"
EndProject
Project("{FAE04EC0-301F-11D3-BF4B-00C04F79EFBC}") = "XamaRed.Forms.Svg.Tests", "Tests\XamaRed.Forms.Svg.Tests\XamaRed.Forms.Svg.Tests.csproj", "{0C155543-0527-4847-B1DE-24EC0B4771D8}"
EndProject
Global
	GlobalSection(SolutionConfigurationPlatforms) = preSolution
		Ad-Hoc|Any CPU = Ad-Hoc|Any CPU
		Ad-Hoc|ARM = Ad-Hoc|ARM
		Ad-Hoc|iPhone = Ad-Hoc|iPhone
		Ad-Hoc|iPhoneSimulator = Ad-Hoc|iPhoneSimulator
		Ad-Hoc|x64 = Ad-Hoc|x64
		Ad-Hoc|x86 = Ad-Hoc|x86
		AppStore|Any CPU = AppStore|Any CPU
		AppStore|ARM = AppStore|ARM
		AppStore|iPhone = AppStore|iPhone
		AppStore|iPhoneSimulator = AppStore|iPhoneSimulator
		AppStore|x64 = AppStore|x64
		AppStore|x86 = AppStore|x86
		Debug|Any CPU = Debug|Any CPU
		Debug|ARM = Debug|ARM
		Debug|iPhone = Debug|iPhone
		Debug|iPhoneSimulator = Debug|iPhoneSimulator
		Debug|x64 = Debug|x64
		Debug|x86 = Debug|x86
		Release|Any CPU = Release|Any CPU
		Release|ARM = Release|ARM
		Release|iPhone = Release|iPhone
		Release|iPhoneSimulator = Release|iPhoneSimulator
		Release|x64 = Release|x64
		Release|x86 = Release|x86
	EndGlobalSection
	GlobalSection(ProjectConfigurationPlatforms) = postSolution
		{67F9D3A8-F71E-4428-913F-C37AE82CDB24}.Ad-Hoc|Any CPU.ActiveCfg = Release|Any CPU
		{67F9D3A8-F71E-4428-913F-C37AE82CDB24}.Ad-Hoc|Any CPU.Build.0 = Release|Any CPU
		{67F9D3A8-F71E-4428-913F-C37AE82CDB24}.Ad-Hoc|ARM.ActiveCfg = Release|Any CPU
		{67F9D3A8-F71E-4428-913F-C37AE82CDB24}.Ad-Hoc|ARM.Build.0 = Release|Any CPU
		{67F9D3A8-F71E-4428-913F-C37AE82CDB24}.Ad-Hoc|iPhone.ActiveCfg = Release|Any CPU
		{67F9D3A8-F71E-4428-913F-C37AE82CDB24}.Ad-Hoc|iPhone.Build.0 = Release|Any CPU
		{67F9D3A8-F71E-4428-913F-C37AE82CDB24}.Ad-Hoc|iPhoneSimulator.ActiveCfg = Release|Any CPU
		{67F9D3A8-F71E-4428-913F-C37AE82CDB24}.Ad-Hoc|iPhoneSimulator.Build.0 = Release|Any CPU
		{67F9D3A8-F71E-4428-913F-C37AE82CDB24}.Ad-Hoc|x64.ActiveCfg = Release|Any CPU
		{67F9D3A8-F71E-4428-913F-C37AE82CDB24}.Ad-Hoc|x64.Build.0 = Release|Any CPU
		{67F9D3A8-F71E-4428-913F-C37AE82CDB24}.Ad-Hoc|x86.ActiveCfg = Release|Any CPU
		{67F9D3A8-F71E-4428-913F-C37AE82CDB24}.Ad-Hoc|x86.Build.0 = Release|Any CPU
		{67F9D3A8-F71E-4428-913F-C37AE82CDB24}.AppStore|Any CPU.ActiveCfg = Release|Any CPU
		{67F9D3A8-F71E-4428-913F-C37AE82CDB24}.AppStore|Any CPU.Build.0 = Release|Any CPU
		{67F9D3A8-F71E-4428-913F-C37AE82CDB24}.AppStore|ARM.ActiveCfg = Release|Any CPU
		{67F9D3A8-F71E-4428-913F-C37AE82CDB24}.AppStore|ARM.Build.0 = Release|Any CPU
		{67F9D3A8-F71E-4428-913F-C37AE82CDB24}.AppStore|iPhone.ActiveCfg = Release|Any CPU
		{67F9D3A8-F71E-4428-913F-C37AE82CDB24}.AppStore|iPhone.Build.0 = Release|Any CPU
		{67F9D3A8-F71E-4428-913F-C37AE82CDB24}.AppStore|iPhoneSimulator.ActiveCfg = Release|Any CPU
		{67F9D3A8-F71E-4428-913F-C37AE82CDB24}.AppStore|iPhoneSimulator.Build.0 = Release|Any CPU
		{67F9D3A8-F71E-4428-913F-C37AE82CDB24}.AppStore|x64.ActiveCfg = Release|Any CPU
		{67F9D3A8-F71E-4428-913F-C37AE82CDB24}.AppStore|x64.Build.0 = Release|Any CPU
		{67F9D3A8-F71E-4428-913F-C37AE82CDB24}.AppStore|x86.ActiveCfg = Release|Any CPU
		{67F9D3A8-F71E-4428-913F-C37AE82CDB24}.AppStore|x86.Build.0 = Release|Any CPU
		{67F9D3A8-F71E-4428-913F-C37AE82CDB24}.Debug|Any CPU.ActiveCfg = Debug|Any CPU
		{67F9D3A8-F71E-4428-913F-C37AE82CDB24}.Debug|Any CPU.Build.0 = Debug|Any CPU
		{67F9D3A8-F71E-4428-913F-C37AE82CDB24}.Debug|ARM.ActiveCfg = Debug|Any CPU
		{67F9D3A8-F71E-4428-913F-C37AE82CDB24}.Debug|ARM.Build.0 = Debug|Any CPU
		{67F9D3A8-F71E-4428-913F-C37AE82CDB24}.Debug|iPhone.ActiveCfg = Debug|Any CPU
		{67F9D3A8-F71E-4428-913F-C37AE82CDB24}.Debug|iPhone.Build.0 = Debug|Any CPU
		{67F9D3A8-F71E-4428-913F-C37AE82CDB24}.Debug|iPhoneSimulator.ActiveCfg = Debug|Any CPU
		{67F9D3A8-F71E-4428-913F-C37AE82CDB24}.Debug|iPhoneSimulator.Build.0 = Debug|Any CPU
		{67F9D3A8-F71E-4428-913F-C37AE82CDB24}.Debug|x64.ActiveCfg = Debug|Any CPU
		{67F9D3A8-F71E-4428-913F-C37AE82CDB24}.Debug|x64.Build.0 = Debug|Any CPU
		{67F9D3A8-F71E-4428-913F-C37AE82CDB24}.Debug|x86.ActiveCfg = Debug|Any CPU
		{67F9D3A8-F71E-4428-913F-C37AE82CDB24}.Debug|x86.Build.0 = Debug|Any CPU
		{67F9D3A8-F71E-4428-913F-C37AE82CDB24}.Release|Any CPU.ActiveCfg = Release|Any CPU
		{67F9D3A8-F71E-4428-913F-C37AE82CDB24}.Release|Any CPU.Build.0 = Release|Any CPU
		{67F9D3A8-F71E-4428-913F-C37AE82CDB24}.Release|ARM.ActiveCfg = Release|Any CPU
		{67F9D3A8-F71E-4428-913F-C37AE82CDB24}.Release|ARM.Build.0 = Release|Any CPU
		{67F9D3A8-F71E-4428-913F-C37AE82CDB24}.Release|iPhone.ActiveCfg = Release|Any CPU
		{67F9D3A8-F71E-4428-913F-C37AE82CDB24}.Release|iPhone.Build.0 = Release|Any CPU
		{67F9D3A8-F71E-4428-913F-C37AE82CDB24}.Release|iPhoneSimulator.ActiveCfg = Release|Any CPU
		{67F9D3A8-F71E-4428-913F-C37AE82CDB24}.Release|iPhoneSimulator.Build.0 = Release|Any CPU
		{67F9D3A8-F71E-4428-913F-C37AE82CDB24}.Release|x64.ActiveCfg = Release|Any CPU
		{67F9D3A8-F71E-4428-913F-C37AE82CDB24}.Release|x64.Build.0 = Release|Any CPU
		{67F9D3A8-F71E-4428-913F-C37AE82CDB24}.Release|x86.ActiveCfg = Release|Any CPU
		{67F9D3A8-F71E-4428-913F-C37AE82CDB24}.Release|x86.Build.0 = Release|Any CPU
		{DAC6FE23-7786-41BB-B0CE-D1EA54609AA6}.Ad-Hoc|Any CPU.ActiveCfg = Release|Any CPU
		{DAC6FE23-7786-41BB-B0CE-D1EA54609AA6}.Ad-Hoc|Any CPU.Build.0 = Release|Any CPU
		{DAC6FE23-7786-41BB-B0CE-D1EA54609AA6}.Ad-Hoc|Any CPU.Deploy.0 = Release|Any CPU
		{DAC6FE23-7786-41BB-B0CE-D1EA54609AA6}.Ad-Hoc|ARM.ActiveCfg = Release|Any CPU
		{DAC6FE23-7786-41BB-B0CE-D1EA54609AA6}.Ad-Hoc|ARM.Build.0 = Release|Any CPU
		{DAC6FE23-7786-41BB-B0CE-D1EA54609AA6}.Ad-Hoc|ARM.Deploy.0 = Release|Any CPU
		{DAC6FE23-7786-41BB-B0CE-D1EA54609AA6}.Ad-Hoc|iPhone.ActiveCfg = Release|Any CPU
		{DAC6FE23-7786-41BB-B0CE-D1EA54609AA6}.Ad-Hoc|iPhone.Build.0 = Release|Any CPU
		{DAC6FE23-7786-41BB-B0CE-D1EA54609AA6}.Ad-Hoc|iPhone.Deploy.0 = Release|Any CPU
		{DAC6FE23-7786-41BB-B0CE-D1EA54609AA6}.Ad-Hoc|iPhoneSimulator.ActiveCfg = Release|Any CPU
		{DAC6FE23-7786-41BB-B0CE-D1EA54609AA6}.Ad-Hoc|iPhoneSimulator.Build.0 = Release|Any CPU
		{DAC6FE23-7786-41BB-B0CE-D1EA54609AA6}.Ad-Hoc|iPhoneSimulator.Deploy.0 = Release|Any CPU
		{DAC6FE23-7786-41BB-B0CE-D1EA54609AA6}.Ad-Hoc|x64.ActiveCfg = Release|Any CPU
		{DAC6FE23-7786-41BB-B0CE-D1EA54609AA6}.Ad-Hoc|x64.Build.0 = Release|Any CPU
		{DAC6FE23-7786-41BB-B0CE-D1EA54609AA6}.Ad-Hoc|x64.Deploy.0 = Release|Any CPU
		{DAC6FE23-7786-41BB-B0CE-D1EA54609AA6}.Ad-Hoc|x86.ActiveCfg = Release|Any CPU
		{DAC6FE23-7786-41BB-B0CE-D1EA54609AA6}.Ad-Hoc|x86.Build.0 = Release|Any CPU
		{DAC6FE23-7786-41BB-B0CE-D1EA54609AA6}.Ad-Hoc|x86.Deploy.0 = Release|Any CPU
		{DAC6FE23-7786-41BB-B0CE-D1EA54609AA6}.AppStore|Any CPU.ActiveCfg = Release|Any CPU
		{DAC6FE23-7786-41BB-B0CE-D1EA54609AA6}.AppStore|Any CPU.Build.0 = Release|Any CPU
		{DAC6FE23-7786-41BB-B0CE-D1EA54609AA6}.AppStore|Any CPU.Deploy.0 = Release|Any CPU
		{DAC6FE23-7786-41BB-B0CE-D1EA54609AA6}.AppStore|ARM.ActiveCfg = Release|Any CPU
		{DAC6FE23-7786-41BB-B0CE-D1EA54609AA6}.AppStore|ARM.Build.0 = Release|Any CPU
		{DAC6FE23-7786-41BB-B0CE-D1EA54609AA6}.AppStore|ARM.Deploy.0 = Release|Any CPU
		{DAC6FE23-7786-41BB-B0CE-D1EA54609AA6}.AppStore|iPhone.ActiveCfg = Release|Any CPU
		{DAC6FE23-7786-41BB-B0CE-D1EA54609AA6}.AppStore|iPhone.Build.0 = Release|Any CPU
		{DAC6FE23-7786-41BB-B0CE-D1EA54609AA6}.AppStore|iPhone.Deploy.0 = Release|Any CPU
		{DAC6FE23-7786-41BB-B0CE-D1EA54609AA6}.AppStore|iPhoneSimulator.ActiveCfg = Release|Any CPU
		{DAC6FE23-7786-41BB-B0CE-D1EA54609AA6}.AppStore|iPhoneSimulator.Build.0 = Release|Any CPU
		{DAC6FE23-7786-41BB-B0CE-D1EA54609AA6}.AppStore|iPhoneSimulator.Deploy.0 = Release|Any CPU
		{DAC6FE23-7786-41BB-B0CE-D1EA54609AA6}.AppStore|x64.ActiveCfg = Release|Any CPU
		{DAC6FE23-7786-41BB-B0CE-D1EA54609AA6}.AppStore|x64.Build.0 = Release|Any CPU
		{DAC6FE23-7786-41BB-B0CE-D1EA54609AA6}.AppStore|x64.Deploy.0 = Release|Any CPU
		{DAC6FE23-7786-41BB-B0CE-D1EA54609AA6}.AppStore|x86.ActiveCfg = Release|Any CPU
		{DAC6FE23-7786-41BB-B0CE-D1EA54609AA6}.AppStore|x86.Build.0 = Release|Any CPU
		{DAC6FE23-7786-41BB-B0CE-D1EA54609AA6}.AppStore|x86.Deploy.0 = Release|Any CPU
		{DAC6FE23-7786-41BB-B0CE-D1EA54609AA6}.Debug|Any CPU.ActiveCfg = Debug|Any CPU
		{DAC6FE23-7786-41BB-B0CE-D1EA54609AA6}.Debug|Any CPU.Build.0 = Debug|Any CPU
		{DAC6FE23-7786-41BB-B0CE-D1EA54609AA6}.Debug|Any CPU.Deploy.0 = Debug|Any CPU
		{DAC6FE23-7786-41BB-B0CE-D1EA54609AA6}.Debug|ARM.ActiveCfg = Debug|Any CPU
		{DAC6FE23-7786-41BB-B0CE-D1EA54609AA6}.Debug|ARM.Build.0 = Debug|Any CPU
		{DAC6FE23-7786-41BB-B0CE-D1EA54609AA6}.Debug|ARM.Deploy.0 = Debug|Any CPU
		{DAC6FE23-7786-41BB-B0CE-D1EA54609AA6}.Debug|iPhone.ActiveCfg = Debug|Any CPU
		{DAC6FE23-7786-41BB-B0CE-D1EA54609AA6}.Debug|iPhone.Build.0 = Debug|Any CPU
		{DAC6FE23-7786-41BB-B0CE-D1EA54609AA6}.Debug|iPhone.Deploy.0 = Debug|Any CPU
		{DAC6FE23-7786-41BB-B0CE-D1EA54609AA6}.Debug|iPhoneSimulator.ActiveCfg = Debug|Any CPU
		{DAC6FE23-7786-41BB-B0CE-D1EA54609AA6}.Debug|iPhoneSimulator.Build.0 = Debug|Any CPU
		{DAC6FE23-7786-41BB-B0CE-D1EA54609AA6}.Debug|iPhoneSimulator.Deploy.0 = Debug|Any CPU
		{DAC6FE23-7786-41BB-B0CE-D1EA54609AA6}.Debug|x64.ActiveCfg = Debug|Any CPU
		{DAC6FE23-7786-41BB-B0CE-D1EA54609AA6}.Debug|x64.Build.0 = Debug|Any CPU
		{DAC6FE23-7786-41BB-B0CE-D1EA54609AA6}.Debug|x64.Deploy.0 = Debug|Any CPU
		{DAC6FE23-7786-41BB-B0CE-D1EA54609AA6}.Debug|x86.ActiveCfg = Debug|Any CPU
		{DAC6FE23-7786-41BB-B0CE-D1EA54609AA6}.Debug|x86.Build.0 = Debug|Any CPU
		{DAC6FE23-7786-41BB-B0CE-D1EA54609AA6}.Debug|x86.Deploy.0 = Debug|Any CPU
		{DAC6FE23-7786-41BB-B0CE-D1EA54609AA6}.Release|Any CPU.ActiveCfg = Release|Any CPU
		{DAC6FE23-7786-41BB-B0CE-D1EA54609AA6}.Release|Any CPU.Build.0 = Release|Any CPU
		{DAC6FE23-7786-41BB-B0CE-D1EA54609AA6}.Release|Any CPU.Deploy.0 = Release|Any CPU
		{DAC6FE23-7786-41BB-B0CE-D1EA54609AA6}.Release|ARM.ActiveCfg = Release|Any CPU
		{DAC6FE23-7786-41BB-B0CE-D1EA54609AA6}.Release|ARM.Build.0 = Release|Any CPU
		{DAC6FE23-7786-41BB-B0CE-D1EA54609AA6}.Release|ARM.Deploy.0 = Release|Any CPU
		{DAC6FE23-7786-41BB-B0CE-D1EA54609AA6}.Release|iPhone.ActiveCfg = Release|Any CPU
		{DAC6FE23-7786-41BB-B0CE-D1EA54609AA6}.Release|iPhone.Build.0 = Release|Any CPU
		{DAC6FE23-7786-41BB-B0CE-D1EA54609AA6}.Release|iPhone.Deploy.0 = Release|Any CPU
		{DAC6FE23-7786-41BB-B0CE-D1EA54609AA6}.Release|iPhoneSimulator.ActiveCfg = Release|Any CPU
		{DAC6FE23-7786-41BB-B0CE-D1EA54609AA6}.Release|iPhoneSimulator.Build.0 = Release|Any CPU
		{DAC6FE23-7786-41BB-B0CE-D1EA54609AA6}.Release|iPhoneSimulator.Deploy.0 = Release|Any CPU
		{DAC6FE23-7786-41BB-B0CE-D1EA54609AA6}.Release|x64.ActiveCfg = Release|Any CPU
		{DAC6FE23-7786-41BB-B0CE-D1EA54609AA6}.Release|x64.Build.0 = Release|Any CPU
		{DAC6FE23-7786-41BB-B0CE-D1EA54609AA6}.Release|x64.Deploy.0 = Release|Any CPU
		{DAC6FE23-7786-41BB-B0CE-D1EA54609AA6}.Release|x86.ActiveCfg = Release|Any CPU
		{DAC6FE23-7786-41BB-B0CE-D1EA54609AA6}.Release|x86.Build.0 = Release|Any CPU
		{DAC6FE23-7786-41BB-B0CE-D1EA54609AA6}.Release|x86.Deploy.0 = Release|Any CPU
		{230884B3-167F-4A04-8DE3-1CA6B1CCE231}.Ad-Hoc|Any CPU.ActiveCfg = Release|Any CPU
		{230884B3-167F-4A04-8DE3-1CA6B1CCE231}.Ad-Hoc|Any CPU.Build.0 = Release|Any CPU
		{230884B3-167F-4A04-8DE3-1CA6B1CCE231}.Ad-Hoc|ARM.ActiveCfg = Release|Any CPU
		{230884B3-167F-4A04-8DE3-1CA6B1CCE231}.Ad-Hoc|ARM.Build.0 = Release|Any CPU
		{230884B3-167F-4A04-8DE3-1CA6B1CCE231}.Ad-Hoc|iPhone.ActiveCfg = Release|Any CPU
		{230884B3-167F-4A04-8DE3-1CA6B1CCE231}.Ad-Hoc|iPhone.Build.0 = Release|Any CPU
		{230884B3-167F-4A04-8DE3-1CA6B1CCE231}.Ad-Hoc|iPhoneSimulator.ActiveCfg = Release|Any CPU
		{230884B3-167F-4A04-8DE3-1CA6B1CCE231}.Ad-Hoc|iPhoneSimulator.Build.0 = Release|Any CPU
		{230884B3-167F-4A04-8DE3-1CA6B1CCE231}.Ad-Hoc|x64.ActiveCfg = Release|Any CPU
		{230884B3-167F-4A04-8DE3-1CA6B1CCE231}.Ad-Hoc|x64.Build.0 = Release|Any CPU
		{230884B3-167F-4A04-8DE3-1CA6B1CCE231}.Ad-Hoc|x86.ActiveCfg = Release|Any CPU
		{230884B3-167F-4A04-8DE3-1CA6B1CCE231}.Ad-Hoc|x86.Build.0 = Release|Any CPU
		{230884B3-167F-4A04-8DE3-1CA6B1CCE231}.AppStore|Any CPU.ActiveCfg = Release|Any CPU
		{230884B3-167F-4A04-8DE3-1CA6B1CCE231}.AppStore|Any CPU.Build.0 = Release|Any CPU
		{230884B3-167F-4A04-8DE3-1CA6B1CCE231}.AppStore|ARM.ActiveCfg = Release|Any CPU
		{230884B3-167F-4A04-8DE3-1CA6B1CCE231}.AppStore|ARM.Build.0 = Release|Any CPU
		{230884B3-167F-4A04-8DE3-1CA6B1CCE231}.AppStore|iPhone.ActiveCfg = Release|Any CPU
		{230884B3-167F-4A04-8DE3-1CA6B1CCE231}.AppStore|iPhone.Build.0 = Release|Any CPU
		{230884B3-167F-4A04-8DE3-1CA6B1CCE231}.AppStore|iPhoneSimulator.ActiveCfg = Release|Any CPU
		{230884B3-167F-4A04-8DE3-1CA6B1CCE231}.AppStore|iPhoneSimulator.Build.0 = Release|Any CPU
		{230884B3-167F-4A04-8DE3-1CA6B1CCE231}.AppStore|x64.ActiveCfg = Release|Any CPU
		{230884B3-167F-4A04-8DE3-1CA6B1CCE231}.AppStore|x64.Build.0 = Release|Any CPU
		{230884B3-167F-4A04-8DE3-1CA6B1CCE231}.AppStore|x86.ActiveCfg = Release|Any CPU
		{230884B3-167F-4A04-8DE3-1CA6B1CCE231}.AppStore|x86.Build.0 = Release|Any CPU
		{230884B3-167F-4A04-8DE3-1CA6B1CCE231}.Debug|Any CPU.ActiveCfg = Debug|Any CPU
		{230884B3-167F-4A04-8DE3-1CA6B1CCE231}.Debug|Any CPU.Build.0 = Debug|Any CPU
		{230884B3-167F-4A04-8DE3-1CA6B1CCE231}.Debug|ARM.ActiveCfg = Debug|Any CPU
		{230884B3-167F-4A04-8DE3-1CA6B1CCE231}.Debug|ARM.Build.0 = Debug|Any CPU
		{230884B3-167F-4A04-8DE3-1CA6B1CCE231}.Debug|iPhone.ActiveCfg = Debug|Any CPU
		{230884B3-167F-4A04-8DE3-1CA6B1CCE231}.Debug|iPhone.Build.0 = Debug|Any CPU
		{230884B3-167F-4A04-8DE3-1CA6B1CCE231}.Debug|iPhoneSimulator.ActiveCfg = Debug|Any CPU
		{230884B3-167F-4A04-8DE3-1CA6B1CCE231}.Debug|iPhoneSimulator.Build.0 = Debug|Any CPU
		{230884B3-167F-4A04-8DE3-1CA6B1CCE231}.Debug|x64.ActiveCfg = Debug|Any CPU
		{230884B3-167F-4A04-8DE3-1CA6B1CCE231}.Debug|x64.Build.0 = Debug|Any CPU
		{230884B3-167F-4A04-8DE3-1CA6B1CCE231}.Debug|x86.ActiveCfg = Debug|Any CPU
		{230884B3-167F-4A04-8DE3-1CA6B1CCE231}.Debug|x86.Build.0 = Debug|Any CPU
		{230884B3-167F-4A04-8DE3-1CA6B1CCE231}.Release|Any CPU.ActiveCfg = Release|Any CPU
		{230884B3-167F-4A04-8DE3-1CA6B1CCE231}.Release|Any CPU.Build.0 = Release|Any CPU
		{230884B3-167F-4A04-8DE3-1CA6B1CCE231}.Release|ARM.ActiveCfg = Release|Any CPU
		{230884B3-167F-4A04-8DE3-1CA6B1CCE231}.Release|ARM.Build.0 = Release|Any CPU
		{230884B3-167F-4A04-8DE3-1CA6B1CCE231}.Release|iPhone.ActiveCfg = Release|Any CPU
		{230884B3-167F-4A04-8DE3-1CA6B1CCE231}.Release|iPhone.Build.0 = Release|Any CPU
		{230884B3-167F-4A04-8DE3-1CA6B1CCE231}.Release|iPhoneSimulator.ActiveCfg = Release|Any CPU
		{230884B3-167F-4A04-8DE3-1CA6B1CCE231}.Release|iPhoneSimulator.Build.0 = Release|Any CPU
		{230884B3-167F-4A04-8DE3-1CA6B1CCE231}.Release|x64.ActiveCfg = Release|Any CPU
		{230884B3-167F-4A04-8DE3-1CA6B1CCE231}.Release|x64.Build.0 = Release|Any CPU
		{230884B3-167F-4A04-8DE3-1CA6B1CCE231}.Release|x86.ActiveCfg = Release|Any CPU
		{230884B3-167F-4A04-8DE3-1CA6B1CCE231}.Release|x86.Build.0 = Release|Any CPU
		{DCFE26CC-D229-46E1-947A-DDAC92926E40}.Ad-Hoc|Any CPU.ActiveCfg = Release|x86
		{DCFE26CC-D229-46E1-947A-DDAC92926E40}.Ad-Hoc|Any CPU.Build.0 = Release|x86
		{DCFE26CC-D229-46E1-947A-DDAC92926E40}.Ad-Hoc|Any CPU.Deploy.0 = Release|x86
		{DCFE26CC-D229-46E1-947A-DDAC92926E40}.Ad-Hoc|ARM.ActiveCfg = Release|ARM
		{DCFE26CC-D229-46E1-947A-DDAC92926E40}.Ad-Hoc|ARM.Build.0 = Release|ARM
		{DCFE26CC-D229-46E1-947A-DDAC92926E40}.Ad-Hoc|ARM.Deploy.0 = Release|ARM
		{DCFE26CC-D229-46E1-947A-DDAC92926E40}.Ad-Hoc|iPhone.ActiveCfg = Release|x86
		{DCFE26CC-D229-46E1-947A-DDAC92926E40}.Ad-Hoc|iPhone.Build.0 = Release|x86
		{DCFE26CC-D229-46E1-947A-DDAC92926E40}.Ad-Hoc|iPhone.Deploy.0 = Release|x86
		{DCFE26CC-D229-46E1-947A-DDAC92926E40}.Ad-Hoc|iPhoneSimulator.ActiveCfg = Release|x86
		{DCFE26CC-D229-46E1-947A-DDAC92926E40}.Ad-Hoc|iPhoneSimulator.Build.0 = Release|x86
		{DCFE26CC-D229-46E1-947A-DDAC92926E40}.Ad-Hoc|iPhoneSimulator.Deploy.0 = Release|x86
		{DCFE26CC-D229-46E1-947A-DDAC92926E40}.Ad-Hoc|x64.ActiveCfg = Release|x64
		{DCFE26CC-D229-46E1-947A-DDAC92926E40}.Ad-Hoc|x64.Build.0 = Release|x64
		{DCFE26CC-D229-46E1-947A-DDAC92926E40}.Ad-Hoc|x64.Deploy.0 = Release|x64
		{DCFE26CC-D229-46E1-947A-DDAC92926E40}.Ad-Hoc|x86.ActiveCfg = Release|x86
		{DCFE26CC-D229-46E1-947A-DDAC92926E40}.Ad-Hoc|x86.Build.0 = Release|x86
		{DCFE26CC-D229-46E1-947A-DDAC92926E40}.Ad-Hoc|x86.Deploy.0 = Release|x86
		{DCFE26CC-D229-46E1-947A-DDAC92926E40}.AppStore|Any CPU.ActiveCfg = Release|x86
		{DCFE26CC-D229-46E1-947A-DDAC92926E40}.AppStore|Any CPU.Build.0 = Release|x86
		{DCFE26CC-D229-46E1-947A-DDAC92926E40}.AppStore|Any CPU.Deploy.0 = Release|x86
		{DCFE26CC-D229-46E1-947A-DDAC92926E40}.AppStore|ARM.ActiveCfg = Release|ARM
		{DCFE26CC-D229-46E1-947A-DDAC92926E40}.AppStore|ARM.Build.0 = Release|ARM
		{DCFE26CC-D229-46E1-947A-DDAC92926E40}.AppStore|ARM.Deploy.0 = Release|ARM
		{DCFE26CC-D229-46E1-947A-DDAC92926E40}.AppStore|iPhone.ActiveCfg = Release|x86
		{DCFE26CC-D229-46E1-947A-DDAC92926E40}.AppStore|iPhone.Build.0 = Release|x86
		{DCFE26CC-D229-46E1-947A-DDAC92926E40}.AppStore|iPhone.Deploy.0 = Release|x86
		{DCFE26CC-D229-46E1-947A-DDAC92926E40}.AppStore|iPhoneSimulator.ActiveCfg = Release|x86
		{DCFE26CC-D229-46E1-947A-DDAC92926E40}.AppStore|iPhoneSimulator.Build.0 = Release|x86
		{DCFE26CC-D229-46E1-947A-DDAC92926E40}.AppStore|iPhoneSimulator.Deploy.0 = Release|x86
		{DCFE26CC-D229-46E1-947A-DDAC92926E40}.AppStore|x64.ActiveCfg = Release|x64
		{DCFE26CC-D229-46E1-947A-DDAC92926E40}.AppStore|x64.Build.0 = Release|x64
		{DCFE26CC-D229-46E1-947A-DDAC92926E40}.AppStore|x64.Deploy.0 = Release|x64
		{DCFE26CC-D229-46E1-947A-DDAC92926E40}.AppStore|x86.ActiveCfg = Release|x86
		{DCFE26CC-D229-46E1-947A-DDAC92926E40}.AppStore|x86.Build.0 = Release|x86
		{DCFE26CC-D229-46E1-947A-DDAC92926E40}.AppStore|x86.Deploy.0 = Release|x86
		{DCFE26CC-D229-46E1-947A-DDAC92926E40}.Debug|Any CPU.ActiveCfg = Debug|x86
		{DCFE26CC-D229-46E1-947A-DDAC92926E40}.Debug|Any CPU.Build.0 = Debug|x86
		{DCFE26CC-D229-46E1-947A-DDAC92926E40}.Debug|Any CPU.Deploy.0 = Debug|x86
		{DCFE26CC-D229-46E1-947A-DDAC92926E40}.Debug|ARM.ActiveCfg = Debug|ARM
		{DCFE26CC-D229-46E1-947A-DDAC92926E40}.Debug|ARM.Build.0 = Debug|ARM
		{DCFE26CC-D229-46E1-947A-DDAC92926E40}.Debug|ARM.Deploy.0 = Debug|ARM
		{DCFE26CC-D229-46E1-947A-DDAC92926E40}.Debug|iPhone.ActiveCfg = Debug|x86
		{DCFE26CC-D229-46E1-947A-DDAC92926E40}.Debug|iPhoneSimulator.ActiveCfg = Debug|x86
		{DCFE26CC-D229-46E1-947A-DDAC92926E40}.Debug|x64.ActiveCfg = Debug|x64
		{DCFE26CC-D229-46E1-947A-DDAC92926E40}.Debug|x64.Build.0 = Debug|x64
		{DCFE26CC-D229-46E1-947A-DDAC92926E40}.Debug|x64.Deploy.0 = Debug|x64
		{DCFE26CC-D229-46E1-947A-DDAC92926E40}.Debug|x86.ActiveCfg = Debug|x86
		{DCFE26CC-D229-46E1-947A-DDAC92926E40}.Debug|x86.Build.0 = Debug|x86
		{DCFE26CC-D229-46E1-947A-DDAC92926E40}.Debug|x86.Deploy.0 = Debug|x86
		{DCFE26CC-D229-46E1-947A-DDAC92926E40}.Release|Any CPU.ActiveCfg = Release|x86
		{DCFE26CC-D229-46E1-947A-DDAC92926E40}.Release|ARM.ActiveCfg = Release|ARM
		{DCFE26CC-D229-46E1-947A-DDAC92926E40}.Release|ARM.Build.0 = Release|ARM
		{DCFE26CC-D229-46E1-947A-DDAC92926E40}.Release|ARM.Deploy.0 = Release|ARM
		{DCFE26CC-D229-46E1-947A-DDAC92926E40}.Release|iPhone.ActiveCfg = Release|x86
		{DCFE26CC-D229-46E1-947A-DDAC92926E40}.Release|iPhoneSimulator.ActiveCfg = Release|x86
		{DCFE26CC-D229-46E1-947A-DDAC92926E40}.Release|x64.ActiveCfg = Release|x64
		{DCFE26CC-D229-46E1-947A-DDAC92926E40}.Release|x64.Build.0 = Release|x64
		{DCFE26CC-D229-46E1-947A-DDAC92926E40}.Release|x64.Deploy.0 = Release|x64
		{DCFE26CC-D229-46E1-947A-DDAC92926E40}.Release|x86.ActiveCfg = Release|x86
		{DCFE26CC-D229-46E1-947A-DDAC92926E40}.Release|x86.Build.0 = Release|x86
		{DCFE26CC-D229-46E1-947A-DDAC92926E40}.Release|x86.Deploy.0 = Release|x86
		{08366DAF-F183-4141-8C3E-8BF106B71130}.Ad-Hoc|Any CPU.ActiveCfg = Ad-Hoc|iPhone
		{08366DAF-F183-4141-8C3E-8BF106B71130}.Ad-Hoc|ARM.ActiveCfg = Ad-Hoc|iPhone
		{08366DAF-F183-4141-8C3E-8BF106B71130}.Ad-Hoc|iPhone.ActiveCfg = Ad-Hoc|iPhone
		{08366DAF-F183-4141-8C3E-8BF106B71130}.Ad-Hoc|iPhone.Build.0 = Ad-Hoc|iPhone
		{08366DAF-F183-4141-8C3E-8BF106B71130}.Ad-Hoc|iPhoneSimulator.ActiveCfg = Ad-Hoc|iPhoneSimulator
		{08366DAF-F183-4141-8C3E-8BF106B71130}.Ad-Hoc|iPhoneSimulator.Build.0 = Ad-Hoc|iPhoneSimulator
		{08366DAF-F183-4141-8C3E-8BF106B71130}.Ad-Hoc|x64.ActiveCfg = Ad-Hoc|iPhone
		{08366DAF-F183-4141-8C3E-8BF106B71130}.Ad-Hoc|x86.ActiveCfg = Ad-Hoc|iPhone
		{08366DAF-F183-4141-8C3E-8BF106B71130}.AppStore|Any CPU.ActiveCfg = AppStore|iPhone
		{08366DAF-F183-4141-8C3E-8BF106B71130}.AppStore|ARM.ActiveCfg = AppStore|iPhone
		{08366DAF-F183-4141-8C3E-8BF106B71130}.AppStore|iPhone.ActiveCfg = AppStore|iPhone
		{08366DAF-F183-4141-8C3E-8BF106B71130}.AppStore|iPhone.Build.0 = AppStore|iPhone
		{08366DAF-F183-4141-8C3E-8BF106B71130}.AppStore|iPhoneSimulator.ActiveCfg = AppStore|iPhoneSimulator
		{08366DAF-F183-4141-8C3E-8BF106B71130}.AppStore|iPhoneSimulator.Build.0 = AppStore|iPhoneSimulator
		{08366DAF-F183-4141-8C3E-8BF106B71130}.AppStore|x64.ActiveCfg = AppStore|iPhone
		{08366DAF-F183-4141-8C3E-8BF106B71130}.AppStore|x86.ActiveCfg = AppStore|iPhone
		{08366DAF-F183-4141-8C3E-8BF106B71130}.Debug|Any CPU.ActiveCfg = Debug|iPhone
		{08366DAF-F183-4141-8C3E-8BF106B71130}.Debug|Any CPU.Build.0 = Debug|iPhone
		{08366DAF-F183-4141-8C3E-8BF106B71130}.Debug|ARM.ActiveCfg = Debug|iPhone
		{08366DAF-F183-4141-8C3E-8BF106B71130}.Debug|iPhone.ActiveCfg = Debug|iPhone
		{08366DAF-F183-4141-8C3E-8BF106B71130}.Debug|iPhone.Build.0 = Debug|iPhone
		{08366DAF-F183-4141-8C3E-8BF106B71130}.Debug|iPhoneSimulator.ActiveCfg = Debug|iPhoneSimulator
		{08366DAF-F183-4141-8C3E-8BF106B71130}.Debug|iPhoneSimulator.Build.0 = Debug|iPhoneSimulator
		{08366DAF-F183-4141-8C3E-8BF106B71130}.Debug|x64.ActiveCfg = Debug|iPhone
		{08366DAF-F183-4141-8C3E-8BF106B71130}.Debug|x86.ActiveCfg = Debug|iPhone
		{08366DAF-F183-4141-8C3E-8BF106B71130}.Release|Any CPU.ActiveCfg = Release|iPhone
		{08366DAF-F183-4141-8C3E-8BF106B71130}.Release|ARM.ActiveCfg = Release|iPhone
		{08366DAF-F183-4141-8C3E-8BF106B71130}.Release|iPhone.ActiveCfg = Release|iPhone
		{08366DAF-F183-4141-8C3E-8BF106B71130}.Release|iPhone.Build.0 = Release|iPhone
		{08366DAF-F183-4141-8C3E-8BF106B71130}.Release|iPhoneSimulator.ActiveCfg = Release|iPhoneSimulator
		{08366DAF-F183-4141-8C3E-8BF106B71130}.Release|iPhoneSimulator.Build.0 = Release|iPhoneSimulator
		{08366DAF-F183-4141-8C3E-8BF106B71130}.Release|x64.ActiveCfg = Release|iPhone
		{08366DAF-F183-4141-8C3E-8BF106B71130}.Release|x86.ActiveCfg = Release|iPhone
		{0C155543-0527-4847-B1DE-24EC0B4771D8}.Ad-Hoc|Any CPU.ActiveCfg = Release|Any CPU
		{0C155543-0527-4847-B1DE-24EC0B4771D8}.Ad-Hoc|Any CPU.Build.0 = Release|Any CPU
		{0C155543-0527-4847-B1DE-24EC0B4771D8}.Ad-Hoc|ARM.ActiveCfg = Release|Any CPU
		{0C155543-0527-4847-B1DE-24EC0B4771D8}.Ad-Hoc|ARM.Build.0 = Release|Any CPU
		{0C155543-0527-4847-B1DE-24EC0B4771D8}.Ad-Hoc|iPhone.ActiveCfg = Release|Any CPU
		{0C155543-0527-4847-B1DE-24EC0B4771D8}.Ad-Hoc|iPhone.Build.0 = Release|Any CPU
		{0C155543-0527-4847-B1DE-24EC0B4771D8}.Ad-Hoc|iPhoneSimulator.ActiveCfg = Release|Any CPU
		{0C155543-0527-4847-B1DE-24EC0B4771D8}.Ad-Hoc|iPhoneSimulator.Build.0 = Release|Any CPU
		{0C155543-0527-4847-B1DE-24EC0B4771D8}.Ad-Hoc|x64.ActiveCfg = Release|Any CPU
		{0C155543-0527-4847-B1DE-24EC0B4771D8}.Ad-Hoc|x64.Build.0 = Release|Any CPU
		{0C155543-0527-4847-B1DE-24EC0B4771D8}.Ad-Hoc|x86.ActiveCfg = Release|Any CPU
		{0C155543-0527-4847-B1DE-24EC0B4771D8}.Ad-Hoc|x86.Build.0 = Release|Any CPU
		{0C155543-0527-4847-B1DE-24EC0B4771D8}.AppStore|Any CPU.ActiveCfg = Release|Any CPU
		{0C155543-0527-4847-B1DE-24EC0B4771D8}.AppStore|Any CPU.Build.0 = Release|Any CPU
		{0C155543-0527-4847-B1DE-24EC0B4771D8}.AppStore|ARM.ActiveCfg = Release|Any CPU
		{0C155543-0527-4847-B1DE-24EC0B4771D8}.AppStore|ARM.Build.0 = Release|Any CPU
		{0C155543-0527-4847-B1DE-24EC0B4771D8}.AppStore|iPhone.ActiveCfg = Release|Any CPU
		{0C155543-0527-4847-B1DE-24EC0B4771D8}.AppStore|iPhone.Build.0 = Release|Any CPU
		{0C155543-0527-4847-B1DE-24EC0B4771D8}.AppStore|iPhoneSimulator.ActiveCfg = Release|Any CPU
		{0C155543-0527-4847-B1DE-24EC0B4771D8}.AppStore|iPhoneSimulator.Build.0 = Release|Any CPU
		{0C155543-0527-4847-B1DE-24EC0B4771D8}.AppStore|x64.ActiveCfg = Release|Any CPU
		{0C155543-0527-4847-B1DE-24EC0B4771D8}.AppStore|x64.Build.0 = Release|Any CPU
		{0C155543-0527-4847-B1DE-24EC0B4771D8}.AppStore|x86.ActiveCfg = Release|Any CPU
		{0C155543-0527-4847-B1DE-24EC0B4771D8}.AppStore|x86.Build.0 = Release|Any CPU
		{0C155543-0527-4847-B1DE-24EC0B4771D8}.Debug|Any CPU.ActiveCfg = Debug|Any CPU
		{0C155543-0527-4847-B1DE-24EC0B4771D8}.Debug|Any CPU.Build.0 = Debug|Any CPU
		{0C155543-0527-4847-B1DE-24EC0B4771D8}.Debug|ARM.ActiveCfg = Debug|Any CPU
		{0C155543-0527-4847-B1DE-24EC0B4771D8}.Debug|ARM.Build.0 = Debug|Any CPU
		{0C155543-0527-4847-B1DE-24EC0B4771D8}.Debug|iPhone.ActiveCfg = Debug|Any CPU
		{0C155543-0527-4847-B1DE-24EC0B4771D8}.Debug|iPhone.Build.0 = Debug|Any CPU
		{0C155543-0527-4847-B1DE-24EC0B4771D8}.Debug|iPhoneSimulator.ActiveCfg = Debug|Any CPU
		{0C155543-0527-4847-B1DE-24EC0B4771D8}.Debug|iPhoneSimulator.Build.0 = Debug|Any CPU
		{0C155543-0527-4847-B1DE-24EC0B4771D8}.Debug|x64.ActiveCfg = Debug|Any CPU
		{0C155543-0527-4847-B1DE-24EC0B4771D8}.Debug|x64.Build.0 = Debug|Any CPU
		{0C155543-0527-4847-B1DE-24EC0B4771D8}.Debug|x86.ActiveCfg = Debug|Any CPU
		{0C155543-0527-4847-B1DE-24EC0B4771D8}.Debug|x86.Build.0 = Debug|Any CPU
		{0C155543-0527-4847-B1DE-24EC0B4771D8}.Release|Any CPU.ActiveCfg = Release|Any CPU
		{0C155543-0527-4847-B1DE-24EC0B4771D8}.Release|Any CPU.Build.0 = Release|Any CPU
		{0C155543-0527-4847-B1DE-24EC0B4771D8}.Release|ARM.ActiveCfg = Release|Any CPU
		{0C155543-0527-4847-B1DE-24EC0B4771D8}.Release|ARM.Build.0 = Release|Any CPU
		{0C155543-0527-4847-B1DE-24EC0B4771D8}.Release|iPhone.ActiveCfg = Release|Any CPU
		{0C155543-0527-4847-B1DE-24EC0B4771D8}.Release|iPhone.Build.0 = Release|Any CPU
		{0C155543-0527-4847-B1DE-24EC0B4771D8}.Release|iPhoneSimulator.ActiveCfg = Release|Any CPU
		{0C155543-0527-4847-B1DE-24EC0B4771D8}.Release|iPhoneSimulator.Build.0 = Release|Any CPU
		{0C155543-0527-4847-B1DE-24EC0B4771D8}.Release|x64.ActiveCfg = Release|Any CPU
		{0C155543-0527-4847-B1DE-24EC0B4771D8}.Release|x64.Build.0 = Release|Any CPU
		{0C155543-0527-4847-B1DE-24EC0B4771D8}.Release|x86.ActiveCfg = Release|Any CPU
		{0C155543-0527-4847-B1DE-24EC0B4771D8}.Release|x86.Build.0 = Release|Any CPU
	EndGlobalSection
	GlobalSection(SolutionProperties) = preSolution
		HideSolutionNode = FALSE
	EndGlobalSection
	GlobalSection(NestedProjects) = preSolution
		{DAC6FE23-7786-41BB-B0CE-D1EA54609AA6} = {4846B0E9-24E4-4A9F-A6B1-A4C26C21340C}
		{230884B3-167F-4A04-8DE3-1CA6B1CCE231} = {4846B0E9-24E4-4A9F-A6B1-A4C26C21340C}
		{DCFE26CC-D229-46E1-947A-DDAC92926E40} = {4846B0E9-24E4-4A9F-A6B1-A4C26C21340C}
		{08366DAF-F183-4141-8C3E-8BF106B71130} = {4846B0E9-24E4-4A9F-A6B1-A4C26C21340C}
		{0C155543-0527-4847-B1DE-24EC0B4771D8} = {7769E210-5AD8-4C60-AAC4-EC03B23256BF}
	EndGlobalSection
EndGlobal
